
Microsoft Visual Studio Solution File, Format Version 12.00
# Visual Studio Version 16
VisualStudioVersion = 16.0.33328.57
MinimumVisualStudioVersion = 10.0.40219.1
Project("{FAE04EC0-301F-11D3-BF4B-00C04F79EFBC}") = "cstdemo1", "cstdemo1\cstdemo1.csproj", "{F07C57F2-D9C1-45BA-8326-FEECDC76A891}"
EndProject
Global
	GlobalSection(SolutionConfigurationPlatforms) = preSolution
		Debug|Any CPU = Debug|Any CPU
		Release|Any CPU = Release|Any CPU
	EndGlobalSection
	GlobalSection(ProjectConfigurationPlatforms) = postSolution
		{F07C57F2-D9C1-45BA-8326-FEECDC76A891}.Debug|Any CPU.ActiveCfg = Debug|Any CPU
		{F07C57F2-D9C1-45BA-8326-FEECDC76A891}.Debug|Any CPU.Build.0 = Debug|Any CPU
		{F07C57F2-D9C1-45BA-8326-FEECDC76A891}.Release|Any CPU.ActiveCfg = Release|Any CPU
		{F07C57F2-D9C1-45BA-8326-FEECDC76A891}.Release|Any CPU.Build.0 = Release|Any CPU
	EndGlobalSection
	GlobalSection(SolutionProperties) = preSolution
		HideSolutionNode = FALSE
	EndGlobalSection
	GlobalSection(ExtensibilityGlobals) = postSolution
		SolutionGuid = {607E8850-8CAB-4D27-AE85-BC79C95A25E3}
	EndGlobalSection
EndGlobal
