
Microsoft Visual Studio Solution File, Format Version 12.00
# Visual Studio Version 16
VisualStudioVersion = 16.0.33214.272
MinimumVisualStudioVersion = 10.0.40219.1
Project("{FAE04EC0-301F-11D3-BF4B-00C04F79EFBC}") = "Cstday7damo1", "Cstday7damo1\Cstday7damo1.csproj", "{463B972D-90F3-441B-B14D-316258021B1D}"
EndProject
Global
	GlobalSection(SolutionConfigurationPlatforms) = preSolution
		Debug|Any CPU = Debug|Any CPU
		Release|Any CPU = Release|Any CPU
	EndGlobalSection
	GlobalSection(ProjectConfigurationPlatforms) = postSolution
		{463B972D-90F3-441B-B14D-316258021B1D}.Debug|Any CPU.ActiveCfg = Debug|Any CPU
		{463B972D-90F3-441B-B14D-316258021B1D}.Debug|Any CPU.Build.0 = Debug|Any CPU
		{463B972D-90F3-441B-B14D-316258021B1D}.Release|Any CPU.ActiveCfg = Release|Any CPU
		{463B972D-90F3-441B-B14D-316258021B1D}.Release|Any CPU.Build.0 = Release|Any CPU
	EndGlobalSection
	GlobalSection(SolutionProperties) = preSolution
		HideSolutionNode = FALSE
	EndGlobalSection
	GlobalSection(ExtensibilityGlobals) = postSolution
		SolutionGuid = {16073F92-EF54-43B7-B9B6-F00E90E7829D}
	EndGlobalSection
EndGlobal
