
Microsoft Visual Studio Solution File, Format Version 12.00
# Visual Studio Version 16
VisualStudioVersion = 16.0.33214.272
MinimumVisualStudioVersion = 10.0.40219.1
Project("{FAE04EC0-301F-11D3-BF4B-00C04F79EFBC}") = "Cstdemo2", "Cstdemo2.csproj", "{985E594D-1A15-4F9F-9FC4-886335DE115C}"
EndProject
Global
	GlobalSection(SolutionConfigurationPlatforms) = preSolution
		Debug|Any CPU = Debug|Any CPU
		Release|Any CPU = Release|Any CPU
	EndGlobalSection
	GlobalSection(ProjectConfigurationPlatforms) = postSolution
		{985E594D-1A15-4F9F-9FC4-886335DE115C}.Debug|Any CPU.ActiveCfg = Debug|Any CPU
		{985E594D-1A15-4F9F-9FC4-886335DE115C}.Debug|Any CPU.Build.0 = Debug|Any CPU
		{985E594D-1A15-4F9F-9FC4-886335DE115C}.Release|Any CPU.ActiveCfg = Release|Any CPU
		{985E594D-1A15-4F9F-9FC4-886335DE115C}.Release|Any CPU.Build.0 = Release|Any CPU
	EndGlobalSection
	GlobalSection(SolutionProperties) = preSolution
		HideSolutionNode = FALSE
	EndGlobalSection
	GlobalSection(ExtensibilityGlobals) = postSolution
		SolutionGuid = {141882D2-77CA-4F78-A919-76BB58A52CC1}
	EndGlobalSection
EndGlobal
