
Microsoft Visual Studio Solution File, Format Version 12.00
# Visual Studio Version 16
VisualStudioVersion = 16.0.33328.57
MinimumVisualStudioVersion = 10.0.40219.1
Project("{FAE04EC0-301F-11D3-BF4B-00C04F79EFBC}") = "demo1", "demo1\demo1.csproj", "{4A343EA2-6C39-4CF6-B792-2928770C139A}"
EndProject
Global
	GlobalSection(SolutionConfigurationPlatforms) = preSolution
		Debug|Any CPU = Debug|Any CPU
		Release|Any CPU = Release|Any CPU
	EndGlobalSection
	GlobalSection(ProjectConfigurationPlatforms) = postSolution
		{4A343EA2-6C39-4CF6-B792-2928770C139A}.Debug|Any CPU.ActiveCfg = Debug|Any CPU
		{4A343EA2-6C39-4CF6-B792-2928770C139A}.Debug|Any CPU.Build.0 = Debug|Any CPU
		{4A343EA2-6C39-4CF6-B792-2928770C139A}.Release|Any CPU.ActiveCfg = Release|Any CPU
		{4A343EA2-6C39-4CF6-B792-2928770C139A}.Release|Any CPU.Build.0 = Release|Any CPU
	EndGlobalSection
	GlobalSection(SolutionProperties) = preSolution
		HideSolutionNode = FALSE
	EndGlobalSection
	GlobalSection(ExtensibilityGlobals) = postSolution
		SolutionGuid = {AA568C6E-8AEE-4EEC-A6E6-9C710141C949}
	EndGlobalSection
EndGlobal
