
Microsoft Visual Studio Solution File, Format Version 12.00
# Visual Studio Version 16
VisualStudioVersion = 16.0.33214.272
MinimumVisualStudioVersion = 10.0.40219.1
Project("{FAE04EC0-301F-11D3-BF4B-00C04F79EFBC}") = "day4month", "day4month\day4month.csproj", "{B4BEEB85-EC1B-4A6D-BEFA-5DC8D70323FF}"
EndProject
Global
	GlobalSection(SolutionConfigurationPlatforms) = preSolution
		Debug|Any CPU = Debug|Any CPU
		Release|Any CPU = Release|Any CPU
	EndGlobalSection
	GlobalSection(ProjectConfigurationPlatforms) = postSolution
		{B4BEEB85-EC1B-4A6D-BEFA-5DC8D70323FF}.Debug|Any CPU.ActiveCfg = Debug|Any CPU
		{B4BEEB85-EC1B-4A6D-BEFA-5DC8D70323FF}.Debug|Any CPU.Build.0 = Debug|Any CPU
		{B4BEEB85-EC1B-4A6D-BEFA-5DC8D70323FF}.Release|Any CPU.ActiveCfg = Release|Any CPU
		{B4BEEB85-EC1B-4A6D-BEFA-5DC8D70323FF}.Release|Any CPU.Build.0 = Release|Any CPU
	EndGlobalSection
	GlobalSection(SolutionProperties) = preSolution
		HideSolutionNode = FALSE
	EndGlobalSection
	GlobalSection(ExtensibilityGlobals) = postSolution
		SolutionGuid = {A3201C9A-B62A-45ED-98DF-E94635F200B4}
	EndGlobalSection
EndGlobal
