
Microsoft Visual Studio Solution File, Format Version 12.00
# Visual Studio Version 16
VisualStudioVersion = 16.0.33328.57
MinimumVisualStudioVersion = 10.0.40219.1
Project("{FAE04EC0-301F-11D3-BF4B-00C04F79EFBC}") = "WindowsFormsApp1", "WindowsFormsApp1\WindowsFormsApp1.csproj", "{3A9C751B-A46F-48F8-A762-D85885E367BC}"
EndProject
Global
	GlobalSection(SolutionConfigurationPlatforms) = preSolution
		Debug|Any CPU = Debug|Any CPU
		Release|Any CPU = Release|Any CPU
	EndGlobalSection
	GlobalSection(ProjectConfigurationPlatforms) = postSolution
		{3A9C751B-A46F-48F8-A762-D85885E367BC}.Debug|Any CPU.ActiveCfg = Debug|Any CPU
		{3A9C751B-A46F-48F8-A762-D85885E367BC}.Debug|Any CPU.Build.0 = Debug|Any CPU
		{3A9C751B-A46F-48F8-A762-D85885E367BC}.Release|Any CPU.ActiveCfg = Release|Any CPU
		{3A9C751B-A46F-48F8-A762-D85885E367BC}.Release|Any CPU.Build.0 = Release|Any CPU
	EndGlobalSection
	GlobalSection(SolutionProperties) = preSolution
		HideSolutionNode = FALSE
	EndGlobalSection
	GlobalSection(ExtensibilityGlobals) = postSolution
		SolutionGuid = {86A56D45-D415-4BAD-8A19-2F297CCD572B}
	EndGlobalSection
EndGlobal
